
Microsoft Visual Studio Solution File, Format Version 12.00
# Visual Studio Version 17
VisualStudioVersion = 17.3.32825.248
MinimumVisualStudioVersion = 10.0.40219.1
Project("{9A19103F-16F7-4668-BE54-9A1E7A4F7556}") = "TestWeb", "TestWeb\TestWeb.csproj", "{4C79FE0E-AE69-42D6-836A-64CD5852FFFB}"
EndProject
Global
	GlobalSection(SolutionConfigurationPlatforms) = preSolution
		Debug|Any CPU = Debug|Any CPU
		Release|Any CPU = Release|Any CPU
	EndGlobalSection
	GlobalSection(ProjectConfigurationPlatforms) = postSolution
		{4C79FE0E-AE69-42D6-836A-64CD5852FFFB}.Debug|Any CPU.ActiveCfg = Debug|Any CPU
		{4C79FE0E-AE69-42D6-836A-64CD5852FFFB}.Debug|Any CPU.Build.0 = Debug|Any CPU
		{4C79FE0E-AE69-42D6-836A-64CD5852FFFB}.Release|Any CPU.ActiveCfg = Release|Any CPU
		{4C79FE0E-AE69-42D6-836A-64CD5852FFFB}.Release|Any CPU.Build.0 = Release|Any CPU
	EndGlobalSection
	GlobalSection(SolutionProperties) = preSolution
		HideSolutionNode = FALSE
	EndGlobalSection
	GlobalSection(ExtensibilityGlobals) = postSolution
		SolutionGuid = {4062C2BC-54B6-42BB-814D-411E63329E1C}
	EndGlobalSection
EndGlobal
